
Microsoft Visual Studio Solution File, Format Version 12.00
# Visual Studio Version 17
VisualStudioVersion = 17.14.36518.9
MinimumVisualStudioVersion = 10.0.40219.1
Project("{FAE04EC0-301F-11D3-BF4B-00C04F79EFBC}") = "EasyVend", "EasyVend\EasyVend.csproj", "{94CEE2F5-14EE-4F7D-B2DA-4A8D6369643C}"
EndProject
Project("{FAE04EC0-301F-11D3-BF4B-00C04F79EFBC}") = "EasyVend.Client", "EasyVend.Client\EasyVend.Client.csproj", "{2C95AD34-1644-45B0-9186-819547CE9CD4}"
EndProject
Global
	GlobalSection(SolutionConfigurationPlatforms) = preSolution
		Debug|Any CPU = Debug|Any CPU
		Release|Any CPU = Release|Any CPU
	EndGlobalSection
	GlobalSection(ProjectConfigurationPlatforms) = postSolution
		{94CEE2F5-14EE-4F7D-B2DA-4A8D6369643C}.Debug|Any CPU.ActiveCfg = Debug|Any CPU
		{94CEE2F5-14EE-4F7D-B2DA-4A8D6369643C}.Debug|Any CPU.Build.0 = Debug|Any CPU
		{94CEE2F5-14EE-4F7D-B2DA-4A8D6369643C}.Release|Any CPU.ActiveCfg = Release|Any CPU
		{94CEE2F5-14EE-4F7D-B2DA-4A8D6369643C}.Release|Any CPU.Build.0 = Release|Any CPU
		{2C95AD34-1644-45B0-9186-819547CE9CD4}.Debug|Any CPU.ActiveCfg = Debug|Any CPU
		{2C95AD34-1644-45B0-9186-819547CE9CD4}.Debug|Any CPU.Build.0 = Debug|Any CPU
		{2C95AD34-1644-45B0-9186-819547CE9CD4}.Release|Any CPU.ActiveCfg = Release|Any CPU
		{2C95AD34-1644-45B0-9186-819547CE9CD4}.Release|Any CPU.Build.0 = Release|Any CPU
	EndGlobalSection
	GlobalSection(SolutionProperties) = preSolution
		HideSolutionNode = FALSE
	EndGlobalSection
	GlobalSection(ExtensibilityGlobals) = postSolution
		SolutionGuid = {67744C2F-7EC4-4DC4-8D74-625922DD590C}
	EndGlobalSection
EndGlobal
